{
  "name": "gulu",
  "version": "0.0.1",
  "lockfileVersion": 1,
  "requires": true,
  "dependencies": {
    "parcel-bundler": {
      "version": "1.11.0",
      "resolved": "https://registry.npmjs.org/parcel-bundler/-/parcel-bundler-1.11.0.tgz",
      "integrity": "sha512-H0w/Obx76vWiG+UtofznfcHZJBmd6JA5iCn7zrGBINyVAh+Nt/JLD6QDROghHLXfJkO4XyczsB+fO+nPbXlFfA==",
      "dev": true
    },
    "vue": {
      "version": "2.5.22",
      "resolved": "https://registry.npmjs.org/vue/-/vue-2.5.22.tgz",
      "integrity": "sha512-pxY3ZHlXNJMFQbkjEgGVMaMMkSV1ONpz+4qB55kZuJzyJOhn6MSy/YZdzhdnumegNzVTL/Dn3Pp4UrVBYt1j/g=="
    }
  }
}
